
Microsoft Visual Studio Solution File, Format Version 12.00
# Visual Studio Version 17
VisualStudioVersion = 17.9.34728.123
MinimumVisualStudioVersion = 10.0.40219.1
Project("{888888A0-9F3D-457C-B088-3A5042F75D52}") = "WP-API", "WP-API\WP-API.pyproj", "{67B1383E-BEFD-4497-970D-E11B2846DA5B}"
EndProject
Global
	GlobalSection(SolutionConfigurationPlatforms) = preSolution
		Debug|Any CPU = Debug|Any CPU
		Release|Any CPU = Release|Any CPU
	EndGlobalSection
	GlobalSection(ProjectConfigurationPlatforms) = postSolution
		{67B1383E-BEFD-4497-970D-E11B2846DA5B}.Debug|Any CPU.ActiveCfg = Debug|Any CPU
		{67B1383E-BEFD-4497-970D-E11B2846DA5B}.Release|Any CPU.ActiveCfg = Release|Any CPU
	EndGlobalSection
	GlobalSection(SolutionProperties) = preSolution
		HideSolutionNode = FALSE
	EndGlobalSection
	GlobalSection(ExtensibilityGlobals) = postSolution
		SolutionGuid = {F47F1242-3473-4923-A336-A6F1C95960BA}
	EndGlobalSection
EndGlobal
